
Microsoft Visual Studio Solution File, Format Version 12.00
# Visual Studio 2012
Project("{FAE04EC0-301F-11D3-BF4B-00C04F79EFBC}") = "abb-learning", "abb-learning\abb-learning.csproj", "{F85122C6-2EEB-4AA7-93BF-C91189B4966A}"
EndProject
Global
	GlobalSection(SolutionConfigurationPlatforms) = preSolution
		Debug|Any CPU = Debug|Any CPU
		Release|Any CPU = Release|Any CPU
	EndGlobalSection
	GlobalSection(ProjectConfigurationPlatforms) = postSolution
		{F85122C6-2EEB-4AA7-93BF-C91189B4966A}.Debug|Any CPU.ActiveCfg = Debug|Any CPU
		{F85122C6-2EEB-4AA7-93BF-C91189B4966A}.Debug|Any CPU.Build.0 = Debug|Any CPU
		{F85122C6-2EEB-4AA7-93BF-C91189B4966A}.Release|Any CPU.ActiveCfg = Release|Any CPU
		{F85122C6-2EEB-4AA7-93BF-C91189B4966A}.Release|Any CPU.Build.0 = Release|Any CPU
	EndGlobalSection
EndGlobal
